
Microsoft Visual Studio Solution File, Format Version 12.00
# Visual Studio Version 16
VisualStudioVersion = 16.0.31624.102
MinimumVisualStudioVersion = 10.0.40219.1
Project("{8BC9CEB8-8B4A-11D0-8D11-00A0C91BC942}") = "GDEV1-C++", "GDEV1-C++\GDEV1-C++.vcxproj", "{FC07D756-6621-49B6-A544-4D71E9E7CCCC}"
EndProject
Global
	GlobalSection(SolutionConfigurationPlatforms) = preSolution
		Debug|x64 = Debug|x64
		Debug|x86 = Debug|x86
		Release|x64 = Release|x64
		Release|x86 = Release|x86
	EndGlobalSection
	GlobalSection(ProjectConfigurationPlatforms) = postSolution
		{FC07D756-6621-49B6-A544-4D71E9E7CCCC}.Debug|x64.ActiveCfg = Debug|x64
		{FC07D756-6621-49B6-A544-4D71E9E7CCCC}.Debug|x64.Build.0 = Debug|x64
		{FC07D756-6621-49B6-A544-4D71E9E7CCCC}.Debug|x86.ActiveCfg = Debug|Win32
		{FC07D756-6621-49B6-A544-4D71E9E7CCCC}.Debug|x86.Build.0 = Debug|Win32
		{FC07D756-6621-49B6-A544-4D71E9E7CCCC}.Release|x64.ActiveCfg = Release|x64
		{FC07D756-6621-49B6-A544-4D71E9E7CCCC}.Release|x64.Build.0 = Release|x64
		{FC07D756-6621-49B6-A544-4D71E9E7CCCC}.Release|x86.ActiveCfg = Release|Win32
		{FC07D756-6621-49B6-A544-4D71E9E7CCCC}.Release|x86.Build.0 = Release|Win32
	EndGlobalSection
	GlobalSection(SolutionProperties) = preSolution
		HideSolutionNode = FALSE
	EndGlobalSection
	GlobalSection(ExtensibilityGlobals) = postSolution
		SolutionGuid = {20D29A2F-9ED9-400C-8877-0224DBB94148}
	EndGlobalSection
EndGlobal
